Microsoft Visual Studio Solution File, Format Version 12.00
# Visual Studio Version 17
VisualStudioVersion = 17.5.2.0
MinimumVisualStudioVersion = 10.0.40219.1
Project("{FAE04EC0-301F-11D3-BF4B-00C04F79EFBC}") = "lab1", "lab1\lab1.csproj", "{4C38379F-6B46-EF58-4F1F-EC66EF1F7497}"
EndProject
Project("{FAE04EC0-301F-11D3-BF4B-00C04F79EFBC}") = "Lab2", "Lab2\Lab2.csproj", "{20060C88-EA44-4BAC-AC1F-92927518444D}"
EndProject
Project("{FAE04EC0-301F-11D3-BF4B-00C04F79EFBC}") = "Lab3", "Lab3\Lab3.csproj", "{100BCAA0-2450-42CA-90FA-B043E8C5E294}"
EndProject
Project("{FAE04EC0-301F-11D3-BF4B-00C04F79EFBC}") = "Lab4", "Lab4\Lab4.csproj", "{A3758203-1623-45BE-B4D1-86C957EABC8B}"
EndProject
Project("{FAE04EC0-301F-11D3-BF4B-00C04F79EFBC}") = "Lab5", "Lab5\Lab5.csproj", "{3393C35B-2E35-431E-B447-3D0D927FCE3D}"
EndProject
Project("{FAE04EC0-301F-11D3-BF4B-00C04F79EFBC}") = "Lab6", "Lab6\Lab6.csproj", "{A038CEAF-54E5-43DE-AE02-79C6BD7CEC7F}"
EndProject
Global
	GlobalSection(SolutionConfigurationPlatforms) = preSolution
		Debug|Any CPU = Debug|Any CPU
		Release|Any CPU = Release|Any CPU
	EndGlobalSection
	GlobalSection(ProjectConfigurationPlatforms) = postSolution
		{4C38379F-6B46-EF58-4F1F-EC66EF1F7497}.Debug|Any CPU.ActiveCfg = Debug|Any CPU
		{4C38379F-6B46-EF58-4F1F-EC66EF1F7497}.Debug|Any CPU.Build.0 = Debug|Any CPU
		{4C38379F-6B46-EF58-4F1F-EC66EF1F7497}.Release|Any CPU.ActiveCfg = Release|Any CPU
		{4C38379F-6B46-EF58-4F1F-EC66EF1F7497}.Release|Any CPU.Build.0 = Release|Any CPU
		{20060C88-EA44-4BAC-AC1F-92927518444D}.Debug|Any CPU.ActiveCfg = Debug|Any CPU
		{20060C88-EA44-4BAC-AC1F-92927518444D}.Debug|Any CPU.Build.0 = Debug|Any CPU
		{20060C88-EA44-4BAC-AC1F-92927518444D}.Release|Any CPU.ActiveCfg = Release|Any CPU
		{20060C88-EA44-4BAC-AC1F-92927518444D}.Release|Any CPU.Build.0 = Release|Any CPU
		{100BCAA0-2450-42CA-90FA-B043E8C5E294}.Debug|Any CPU.ActiveCfg = Debug|Any CPU
		{100BCAA0-2450-42CA-90FA-B043E8C5E294}.Debug|Any CPU.Build.0 = Debug|Any CPU
		{100BCAA0-2450-42CA-90FA-B043E8C5E294}.Release|Any CPU.ActiveCfg = Release|Any CPU
		{100BCAA0-2450-42CA-90FA-B043E8C5E294}.Release|Any CPU.Build.0 = Release|Any CPU
		{A3758203-1623-45BE-B4D1-86C957EABC8B}.Debug|Any CPU.ActiveCfg = Debug|Any CPU
		{A3758203-1623-45BE-B4D1-86C957EABC8B}.Debug|Any CPU.Build.0 = Debug|Any CPU
		{A3758203-1623-45BE-B4D1-86C957EABC8B}.Release|Any CPU.ActiveCfg = Release|Any CPU
		{A3758203-1623-45BE-B4D1-86C957EABC8B}.Release|Any CPU.Build.0 = Release|Any CPU
		{3393C35B-2E35-431E-B447-3D0D927FCE3D}.Debug|Any CPU.ActiveCfg = Debug|Any CPU
		{3393C35B-2E35-431E-B447-3D0D927FCE3D}.Debug|Any CPU.Build.0 = Debug|Any CPU
		{3393C35B-2E35-431E-B447-3D0D927FCE3D}.Release|Any CPU.ActiveCfg = Release|Any CPU
		{3393C35B-2E35-431E-B447-3D0D927FCE3D}.Release|Any CPU.Build.0 = Release|Any CPU
		{A038CEAF-54E5-43DE-AE02-79C6BD7CEC7F}.Debug|Any CPU.ActiveCfg = Debug|Any CPU
		{A038CEAF-54E5-43DE-AE02-79C6BD7CEC7F}.Debug|Any CPU.Build.0 = Debug|Any CPU
		{A038CEAF-54E5-43DE-AE02-79C6BD7CEC7F}.Release|Any CPU.ActiveCfg = Release|Any CPU
		{A038CEAF-54E5-43DE-AE02-79C6BD7CEC7F}.Release|Any CPU.Build.0 = Release|Any CPU
	EndGlobalSection
	GlobalSection(SolutionProperties) = preSolution
		HideSolutionNode = FALSE
	EndGlobalSection
	GlobalSection(ExtensibilityGlobals) = postSolution
		SolutionGuid = {CBC42C28-41D3-421E-BCCF-E08CFC20CAC4}
	EndGlobalSection
EndGlobal
